
Microsoft Visual Studio Solution File, Format Version 12.00
# Visual Studio 15
VisualStudioVersion = 15.0.28010.2016
MinimumVisualStudioVersion = 10.0.40219.1
Project("{2150E333-8FDC-42A3-9474-1A3956D46DE8}") = "Solution Items", "Solution Items", "{99872625-AE3D-4B5C-9900-DB3C0C54C18F}"
EndProject
Project("{FAE04EC0-301F-11D3-BF4B-00C04F79EFBC}") = "If-Else1", "Project 2\If-Else1.csproj", "{8B5EE0EC-0D0F-4738-80AA-6A46C0E90383}"
EndProject
Project("{FAE04EC0-301F-11D3-BF4B-00C04F79EFBC}") = "If-Else2", "if-else 2\If-Else2.csproj", "{1F4C9F65-C231-4890-81F2-C6DBEF4F3A6E}"
EndProject
Project("{FAE04EC0-301F-11D3-BF4B-00C04F79EFBC}") = "Switch", "Switch\Switch.csproj", "{03AFD058-8DFA-4EB9-84C2-C7D4F648A793}"
EndProject
Project("{FAE04EC0-301F-11D3-BF4B-00C04F79EFBC}") = "ForSchleife", "3. for-Schleife\ForSchleife.csproj", "{0F3311BC-7ABF-41C5-B475-1C5D7401D0A4}"
EndProject
Project("{FAE04EC0-301F-11D3-BF4B-00C04F79EFBC}") = "DoWhileSchleife", "3.2\DoWhileSchleife.csproj", "{4D9828C7-5F88-429D-9A28-5789A208B183}"
EndProject
Project("{FAE04EC0-301F-11D3-BF4B-00C04F79EFBC}") = "WhileSchleife", "3.1 while-Schleife\WhileSchleife.csproj", "{77E387E4-6B1C-481A-8560-576296CFD314}"
EndProject
Project("{FAE04EC0-301F-11D3-BF4B-00C04F79EFBC}") = "ForEachSchleife", "foreach-Schleife\ForEachSchleife.csproj", "{730DCE90-3FA1-45DD-94A8-AA719D42EF09}"
EndProject
Project("{2150E333-8FDC-42A3-9474-1A3956D46DE8}") = "1. if-else", "1. if-else", "{B3920C13-07FE-4C1F-8B33-4CFC4CC2B59E}"
EndProject
Project("{2150E333-8FDC-42A3-9474-1A3956D46DE8}") = "3. Schleifen", "3. Schleifen", "{1DA623FC-BEA1-4922-9FA3-6708CBA55363}"
EndProject
Project("{2150E333-8FDC-42A3-9474-1A3956D46DE8}") = "Start", "Start", "{A830E8E4-1DA7-41B3-A936-169496F89DEA}"
EndProject
Project("{2150E333-8FDC-42A3-9474-1A3956D46DE8}") = "2. Switch", "2. Switch", "{D95B9CF9-C0BF-40A8-92B8-DD8E279B7404}"
EndProject
Project("{FAE04EC0-301F-11D3-BF4B-00C04F79EFBC}") = "ReadLineUndWriteLine", "0.1 Read.Line und Write.Line\ReadLineUndWriteLine.csproj", "{2C4373C0-D435-4558-B038-E44111C62100}"
EndProject
Project("{FAE04EC0-301F-11D3-BF4B-00C04F79EFBC}") = "Endlosschleife", "3.4 Endlosschleife\Endlosschleife.csproj", "{8369C9DE-B45B-461F-9C2C-46A523257A7F}"
EndProject
Project("{2150E333-8FDC-42A3-9474-1A3956D46DE8}") = "4. Array", "4. Array", "{A5FB63F0-B42D-48E5-8A4F-4487D442E492}"
EndProject
Project("{FAE04EC0-301F-11D3-BF4B-00C04F79EFBC}") = "EindimensionalesArray", "4. Array\EindimensionalesArray.csproj", "{F285164E-FB68-491A-AE3A-82EE684F40FB}"
EndProject
Project("{FAE04EC0-301F-11D3-BF4B-00C04F79EFBC}") = "MehrdimensionalesArray", "4.2 Mehrdimensionales Array\MehrdimensionalesArray.csproj", "{4CC38644-2C18-4259-BF8D-517F18DC2594}"
EndProject
Project("{2150E333-8FDC-42A3-9474-1A3956D46DE8}") = "Char, Strings und Nullable Types", "Char, Strings und Nullable Types", "{04D44C12-0ACC-41BC-B68B-2843D4232B6A}"
EndProject
Project("{FAE04EC0-301F-11D3-BF4B-00C04F79EFBC}") = "Funktionen", "5.1 Funktionen\Funktionen.csproj", "{AA8C05B1-4D9F-449F-A37C-6FFB9D93F155}"
EndProject
Project("{FAE04EC0-301F-11D3-BF4B-00C04F79EFBC}") = "StringBuilder", "StringBuilder\StringBuilder.csproj", "{6E93196D-8AEB-4F12-BFB7-97AC62FECF3D}"
EndProject
Project("{FAE04EC0-301F-11D3-BF4B-00C04F79EFBC}") = "StringFormat", "5.3 StringFormat\StringFormat.csproj", "{AF02EB5E-E818-4D08-AD21-F6E79CD8F556}"
EndProject
Project("{FAE04EC0-301F-11D3-BF4B-00C04F79EFBC}") = "NullableTypes", "5.4 Nullable Types\NullableTypes.csproj", "{C9E21A58-EAD9-4EAA-8267-E5A5CB058A47}"
EndProject
Project("{2150E333-8FDC-42A3-9474-1A3956D46DE8}") = "5. Enumerationen", "5. Enumerationen", "{9B197BC1-1FD8-4F57-AFB4-F8B0AC8B7735}"
EndProject
Project("{FAE04EC0-301F-11D3-BF4B-00C04F79EFBC}") = "Enum1", "6.1 Enumerationen\Enum1.csproj", "{5C5CA069-BDE3-4CDB-8AFD-5F9EFFB27C02}"
EndProject
Project("{FAE04EC0-301F-11D3-BF4B-00C04F79EFBC}") = "Enum2", "6.1.1 Enum2\Enum2.csproj", "{592A6524-D75B-4CBF-93A0-29EE9FD27A72}"
EndProject
Project("{2150E333-8FDC-42A3-9474-1A3956D46DE8}") = "Methoden", "Methoden", "{6FF00CAF-25F2-40BD-9085-71D14A93FF14}"
EndProject
Project("{FAE04EC0-301F-11D3-BF4B-00C04F79EFBC}") = "Invert-Methode", "7.1 Invert-Methode\Invert-Methode.csproj", "{F93ACAB5-E6D4-41A1-A919-88D353DC613B}"
EndProject
Project("{FAE04EC0-301F-11D3-BF4B-00C04F79EFBC}") = "Referenz-Methode", "7.2 Referenz-Methode\Referenz-Methode.csproj", "{D3603A7D-9A66-40CB-87AC-CC64725A592A}"
EndProject
Project("{FAE04EC0-301F-11D3-BF4B-00C04F79EFBC}") = "Add-Methode", "Add-Methode\Add-Methode.csproj", "{35AE6786-E4D0-4B40-BD05-9C42CAC34909}"
EndProject
Project("{FAE04EC0-301F-11D3-BF4B-00C04F79EFBC}") = "Zaehlen-Methode", "7.4 Zaehlen-Methode\Zaehlen-Methode.csproj", "{68217853-3EE7-4AC7-A732-0A41C6F3F507}"
EndProject
Project("{FAE04EC0-301F-11D3-BF4B-00C04F79EFBC}") = "TryParse-Methode", "7.5 Try Parse\TryParse-Methode.csproj", "{1E4A10F2-78FD-47DF-B8FF-EE9B78CFAD92}"
EndProject
Project("{FAE04EC0-301F-11D3-BF4B-00C04F79EFBC}") = "Divide-Methode", "Divide-Methode\Divide-Methode.csproj", "{EFDFA0C0-CDC7-4FBB-A399-31D3EE2C8CA6}"
EndProject
Project("{FAE04EC0-301F-11D3-BF4B-00C04F79EFBC}") = "Divide-MethodeBoolReturn", "7.6.1\Divide-MethodeBoolReturn.csproj", "{BA2D779D-FFF9-435E-BEBA-A46E50638D25}"
EndProject
Project("{FAE04EC0-301F-11D3-BF4B-00C04F79EFBC}") = "Swap-Methode", "7.7 Swap-Methode\Swap-Methode.csproj", "{2B1CA8D5-7A4E-433C-94EA-F47E4B8787EA}"
EndProject
Project("{FAE04EC0-301F-11D3-BF4B-00C04F79EFBC}") = "Divide-MethodeOverloadDoubleReturn", "7.8 Divide-Overload-Methode\Divide-MethodeOverloadDoubleReturn.csproj", "{A09649B9-AC5E-4D93-AE21-F45AC48629F8}"
EndProject
Project("{FAE04EC0-301F-11D3-BF4B-00C04F79EFBC}") = "BMI-Calc", "7.8 BMI-Calc\BMI-Calc.csproj", "{D614B45D-80C8-4604-8DFB-FB9CE26C7054}"
EndProject
Project("{2150E333-8FDC-42A3-9474-1A3956D46DE8}") = "Klassen", "Klassen", "{5695BE23-5B6D-414C-B287-6F54120AE592}"
EndProject
Project("{FAE04EC0-301F-11D3-BF4B-00C04F79EFBC}") = "8.1 Creating Class + Defining Attributes", "8.1 Klasse\8.1 Creating Class + Defining Attributes.csproj", "{9E497533-7490-4271-AB41-952CFC0CC314}"
EndProject
Project("{FAE04EC0-301F-11D3-BF4B-00C04F79EFBC}") = "8.2 Steptracker Programm", "8.2 Steptracker Programm\8.2 Steptracker Programm.csproj", "{A8F9928A-21A4-476C-99B1-5B5A111FC572}"
EndProject
Project("{FAE04EC0-301F-11D3-BF4B-00C04F79EFBC}") = "8.3 Konstruktor und Destruktor", "8.3 Konstruktor und Destruktor\8.3 Konstruktor und Destruktor.csproj", "{AEA73743-5527-4F7B-B93C-628D6EDE42B3}"
EndProject
Project("{FAE04EC0-301F-11D3-BF4B-00C04F79EFBC}") = "8.3.1 Verschiedene Konstruktoren", "8.3.1 Verschiedene Konstruktoren\8.3.1 Verschiedene Konstruktoren.csproj", "{04BC6BD6-1A7E-45AC-9C42-0DBDD0CF70AC}"
EndProject
Project("{FAE04EC0-301F-11D3-BF4B-00C04F79EFBC}") = "Vererbung", "9. Vererbung\Vererbung.csproj", "{3392312E-47D4-46A0-A8B5-3B300E1B1AFA}"
EndProject
Project("{2150E333-8FDC-42A3-9474-1A3956D46DE8}") = "Vererbung", "Vererbung", "{65176E09-47BA-453D-AA67-1A8FF4A8D034}"
EndProject
Project("{FAE04EC0-301F-11D3-BF4B-00C04F79EFBC}") = "Klimaanlagen", "Klimaanlage\Klimaanlagen.csproj", "{CF4F4445-2519-4A4B-BF94-464992E178CE}"
EndProject
Project("{2150E333-8FDC-42A3-9474-1A3956D46DE8}") = "Abstrakte Klassen", "Abstrakte Klassen", "{61EBC6B3-CFA6-4CFC-8165-E77751B543C6}"
EndProject
Project("{FAE04EC0-301F-11D3-BF4B-00C04F79EFBC}") = "AbstractKlasse", "Abstract\AbstractKlasse.csproj", "{789E09DD-B55B-4072-9302-6D5883FC4765}"
EndProject
Project("{2150E333-8FDC-42A3-9474-1A3956D46DE8}") = "Interfaces", "Interfaces", "{267905AE-4EAE-47EA-B663-7178F6D6B3B2}"
EndProject
Project("{FAE04EC0-301F-11D3-BF4B-00C04F79EFBC}") = "10.2 Interfaces", "Interfaces\10.2 Interfaces.csproj", "{286F4610-D8B6-47FB-9F94-620976A0FE71}"
EndProject
Project("{2150E333-8FDC-42A3-9474-1A3956D46DE8}") = "10.2.2 interfaceExamp", "10.2.2 interfaceExamp", "{DBD5D169-ACAD-4EF5-B29A-868E8CEB38AC}"
EndProject
Project("{2150E333-8FDC-42A3-9474-1A3956D46DE8}") = "10.2.1 Interfaces", "10.2.1 Interfaces", "{30E934F3-444E-4EE0-8D2C-ACF28FEF6E00}"
EndProject
Project("{FAE04EC0-301F-11D3-BF4B-00C04F79EFBC}") = "InterfaceExamp3", "InterfaceExamp3\InterfaceExamp3.csproj", "{398E640A-9B5A-4C45-B8E4-BCF780B4E41A}"
EndProject
Project("{2150E333-8FDC-42A3-9474-1A3956D46DE8}") = "Basics", "Basics", "{1C6DCDEC-B424-415E-B7EA-67C8761D6B25}"
EndProject
Project("{2150E333-8FDC-42A3-9474-1A3956D46DE8}") = "Eigene Aufgaben", "Eigene Aufgaben", "{7734B940-2BF2-4CCF-B513-33D3FC117B02}"
EndProject
Project("{2150E333-8FDC-42A3-9474-1A3956D46DE8}") = "Zahlen erraten", "Zahlen erraten", "{012BE6D1-65F8-4BA8-AB8A-BD82B0D4BEBE}"
EndProject
Project("{FAE04EC0-301F-11D3-BF4B-00C04F79EFBC}") = "ZahlenErraten", "ZahlenErraten\ZahlenErraten.csproj", "{AE4A0B8D-F1B9-44DD-B2C0-70C765287603}"
EndProject
Project("{2150E333-8FDC-42A3-9474-1A3956D46DE8}") = "1. Hauptprogramm", "1. Hauptprogramm", "{63BEDEEC-8F4A-42FB-B341-7A9DE4D645D1}"
EndProject
Project("{FAE04EC0-301F-11D3-BF4B-00C04F79EFBC}") = "TestProjectZurKlassenVerwaltung", "TestProjectZurKlassenVerwaltung\TestProjectZurKlassenVerwaltung.csproj", "{DE5B6CC4-4CEB-4F8F-9F3B-EAA503C0A4A4}"
EndProject
Project("{2150E333-8FDC-42A3-9474-1A3956D46DE8}") = "Klimaanlage", "Klimaanlage", "{5C0E2AA0-7DF2-4F36-83CB-ACBDEA0830CA}"
EndProject
Project("{2150E333-8FDC-42A3-9474-1A3956D46DE8}") = "Divide", "Divide", "{BD087441-5FB8-485F-8C10-C44C11B179FE}"
EndProject
Project("{2150E333-8FDC-42A3-9474-1A3956D46DE8}") = "NewFolder1", "NewFolder1", "{3F026D0A-A72D-4B60-9A64-0FC4C1083CA5}"
EndProject
Global
	GlobalSection(SolutionConfigurationPlatforms) = preSolution
		Debug|Any CPU = Debug|Any CPU
		Release|Any CPU = Release|Any CPU
	EndGlobalSection
	GlobalSection(ProjectConfigurationPlatforms) = postSolution
		{8B5EE0EC-0D0F-4738-80AA-6A46C0E90383}.Debug|Any CPU.ActiveCfg = Debug|Any CPU
		{8B5EE0EC-0D0F-4738-80AA-6A46C0E90383}.Debug|Any CPU.Build.0 = Debug|Any CPU
		{8B5EE0EC-0D0F-4738-80AA-6A46C0E90383}.Release|Any CPU.ActiveCfg = Release|Any CPU
		{8B5EE0EC-0D0F-4738-80AA-6A46C0E90383}.Release|Any CPU.Build.0 = Release|Any CPU
		{1F4C9F65-C231-4890-81F2-C6DBEF4F3A6E}.Debug|Any CPU.ActiveCfg = Debug|Any CPU
		{1F4C9F65-C231-4890-81F2-C6DBEF4F3A6E}.Debug|Any CPU.Build.0 = Debug|Any CPU
		{1F4C9F65-C231-4890-81F2-C6DBEF4F3A6E}.Release|Any CPU.ActiveCfg = Release|Any CPU
		{1F4C9F65-C231-4890-81F2-C6DBEF4F3A6E}.Release|Any CPU.Build.0 = Release|Any CPU
		{03AFD058-8DFA-4EB9-84C2-C7D4F648A793}.Debug|Any CPU.ActiveCfg = Debug|Any CPU
		{03AFD058-8DFA-4EB9-84C2-C7D4F648A793}.Debug|Any CPU.Build.0 = Debug|Any CPU
		{03AFD058-8DFA-4EB9-84C2-C7D4F648A793}.Release|Any CPU.ActiveCfg = Release|Any CPU
		{03AFD058-8DFA-4EB9-84C2-C7D4F648A793}.Release|Any CPU.Build.0 = Release|Any CPU
		{0F3311BC-7ABF-41C5-B475-1C5D7401D0A4}.Debug|Any CPU.ActiveCfg = Debug|Any CPU
		{0F3311BC-7ABF-41C5-B475-1C5D7401D0A4}.Debug|Any CPU.Build.0 = Debug|Any CPU
		{0F3311BC-7ABF-41C5-B475-1C5D7401D0A4}.Release|Any CPU.ActiveCfg = Release|Any CPU
		{0F3311BC-7ABF-41C5-B475-1C5D7401D0A4}.Release|Any CPU.Build.0 = Release|Any CPU
		{4D9828C7-5F88-429D-9A28-5789A208B183}.Debug|Any CPU.ActiveCfg = Debug|Any CPU
		{4D9828C7-5F88-429D-9A28-5789A208B183}.Debug|Any CPU.Build.0 = Debug|Any CPU
		{4D9828C7-5F88-429D-9A28-5789A208B183}.Release|Any CPU.ActiveCfg = Release|Any CPU
		{4D9828C7-5F88-429D-9A28-5789A208B183}.Release|Any CPU.Build.0 = Release|Any CPU
		{77E387E4-6B1C-481A-8560-576296CFD314}.Debug|Any CPU.ActiveCfg = Debug|Any CPU
		{77E387E4-6B1C-481A-8560-576296CFD314}.Debug|Any CPU.Build.0 = Debug|Any CPU
		{77E387E4-6B1C-481A-8560-576296CFD314}.Release|Any CPU.ActiveCfg = Release|Any CPU
		{77E387E4-6B1C-481A-8560-576296CFD314}.Release|Any CPU.Build.0 = Release|Any CPU
		{730DCE90-3FA1-45DD-94A8-AA719D42EF09}.Debug|Any CPU.ActiveCfg = Debug|Any CPU
		{730DCE90-3FA1-45DD-94A8-AA719D42EF09}.Debug|Any CPU.Build.0 = Debug|Any CPU
		{730DCE90-3FA1-45DD-94A8-AA719D42EF09}.Release|Any CPU.ActiveCfg = Release|Any CPU
		{730DCE90-3FA1-45DD-94A8-AA719D42EF09}.Release|Any CPU.Build.0 = Release|Any CPU
		{2C4373C0-D435-4558-B038-E44111C62100}.Debug|Any CPU.ActiveCfg = Debug|Any CPU
		{2C4373C0-D435-4558-B038-E44111C62100}.Debug|Any CPU.Build.0 = Debug|Any CPU
		{2C4373C0-D435-4558-B038-E44111C62100}.Release|Any CPU.ActiveCfg = Release|Any CPU
		{2C4373C0-D435-4558-B038-E44111C62100}.Release|Any CPU.Build.0 = Release|Any CPU
		{8369C9DE-B45B-461F-9C2C-46A523257A7F}.Debug|Any CPU.ActiveCfg = Debug|Any CPU
		{8369C9DE-B45B-461F-9C2C-46A523257A7F}.Debug|Any CPU.Build.0 = Debug|Any CPU
		{8369C9DE-B45B-461F-9C2C-46A523257A7F}.Release|Any CPU.ActiveCfg = Release|Any CPU
		{8369C9DE-B45B-461F-9C2C-46A523257A7F}.Release|Any CPU.Build.0 = Release|Any CPU
		{F285164E-FB68-491A-AE3A-82EE684F40FB}.Debug|Any CPU.ActiveCfg = Debug|Any CPU
		{F285164E-FB68-491A-AE3A-82EE684F40FB}.Debug|Any CPU.Build.0 = Debug|Any CPU
		{F285164E-FB68-491A-AE3A-82EE684F40FB}.Release|Any CPU.ActiveCfg = Release|Any CPU
		{F285164E-FB68-491A-AE3A-82EE684F40FB}.Release|Any CPU.Build.0 = Release|Any CPU
		{4CC38644-2C18-4259-BF8D-517F18DC2594}.Debug|Any CPU.ActiveCfg = Debug|Any CPU
		{4CC38644-2C18-4259-BF8D-517F18DC2594}.Debug|Any CPU.Build.0 = Debug|Any CPU
		{4CC38644-2C18-4259-BF8D-517F18DC2594}.Release|Any CPU.ActiveCfg = Release|Any CPU
		{4CC38644-2C18-4259-BF8D-517F18DC2594}.Release|Any CPU.Build.0 = Release|Any CPU
		{AA8C05B1-4D9F-449F-A37C-6FFB9D93F155}.Debug|Any CPU.ActiveCfg = Debug|Any CPU
		{AA8C05B1-4D9F-449F-A37C-6FFB9D93F155}.Debug|Any CPU.Build.0 = Debug|Any CPU
		{AA8C05B1-4D9F-449F-A37C-6FFB9D93F155}.Release|Any CPU.ActiveCfg = Release|Any CPU
		{AA8C05B1-4D9F-449F-A37C-6FFB9D93F155}.Release|Any CPU.Build.0 = Release|Any CPU
		{6E93196D-8AEB-4F12-BFB7-97AC62FECF3D}.Debug|Any CPU.ActiveCfg = Debug|Any CPU
		{6E93196D-8AEB-4F12-BFB7-97AC62FECF3D}.Debug|Any CPU.Build.0 = Debug|Any CPU
		{6E93196D-8AEB-4F12-BFB7-97AC62FECF3D}.Release|Any CPU.ActiveCfg = Release|Any CPU
		{6E93196D-8AEB-4F12-BFB7-97AC62FECF3D}.Release|Any CPU.Build.0 = Release|Any CPU
		{AF02EB5E-E818-4D08-AD21-F6E79CD8F556}.Debug|Any CPU.ActiveCfg = Debug|Any CPU
		{AF02EB5E-E818-4D08-AD21-F6E79CD8F556}.Debug|Any CPU.Build.0 = Debug|Any CPU
		{AF02EB5E-E818-4D08-AD21-F6E79CD8F556}.Release|Any CPU.ActiveCfg = Release|Any CPU
		{AF02EB5E-E818-4D08-AD21-F6E79CD8F556}.Release|Any CPU.Build.0 = Release|Any CPU
		{C9E21A58-EAD9-4EAA-8267-E5A5CB058A47}.Debug|Any CPU.ActiveCfg = Debug|Any CPU
		{C9E21A58-EAD9-4EAA-8267-E5A5CB058A47}.Debug|Any CPU.Build.0 = Debug|Any CPU
		{C9E21A58-EAD9-4EAA-8267-E5A5CB058A47}.Release|Any CPU.ActiveCfg = Release|Any CPU
		{C9E21A58-EAD9-4EAA-8267-E5A5CB058A47}.Release|Any CPU.Build.0 = Release|Any CPU
		{5C5CA069-BDE3-4CDB-8AFD-5F9EFFB27C02}.Debug|Any CPU.ActiveCfg = Debug|Any CPU
		{5C5CA069-BDE3-4CDB-8AFD-5F9EFFB27C02}.Debug|Any CPU.Build.0 = Debug|Any CPU
		{5C5CA069-BDE3-4CDB-8AFD-5F9EFFB27C02}.Release|Any CPU.ActiveCfg = Release|Any CPU
		{5C5CA069-BDE3-4CDB-8AFD-5F9EFFB27C02}.Release|Any CPU.Build.0 = Release|Any CPU
		{592A6524-D75B-4CBF-93A0-29EE9FD27A72}.Debug|Any CPU.ActiveCfg = Debug|Any CPU
		{592A6524-D75B-4CBF-93A0-29EE9FD27A72}.Debug|Any CPU.Build.0 = Debug|Any CPU
		{592A6524-D75B-4CBF-93A0-29EE9FD27A72}.Release|Any CPU.ActiveCfg = Release|Any CPU
		{592A6524-D75B-4CBF-93A0-29EE9FD27A72}.Release|Any CPU.Build.0 = Release|Any CPU
		{F93ACAB5-E6D4-41A1-A919-88D353DC613B}.Debug|Any CPU.ActiveCfg = Debug|Any CPU
		{F93ACAB5-E6D4-41A1-A919-88D353DC613B}.Debug|Any CPU.Build.0 = Debug|Any CPU
		{F93ACAB5-E6D4-41A1-A919-88D353DC613B}.Release|Any CPU.ActiveCfg = Release|Any CPU
		{F93ACAB5-E6D4-41A1-A919-88D353DC613B}.Release|Any CPU.Build.0 = Release|Any CPU
		{D3603A7D-9A66-40CB-87AC-CC64725A592A}.Debug|Any CPU.ActiveCfg = Debug|Any CPU
		{D3603A7D-9A66-40CB-87AC-CC64725A592A}.Debug|Any CPU.Build.0 = Debug|Any CPU
		{D3603A7D-9A66-40CB-87AC-CC64725A592A}.Release|Any CPU.ActiveCfg = Release|Any CPU
		{D3603A7D-9A66-40CB-87AC-CC64725A592A}.Release|Any CPU.Build.0 = Release|Any CPU
		{35AE6786-E4D0-4B40-BD05-9C42CAC34909}.Debug|Any CPU.ActiveCfg = Debug|Any CPU
		{35AE6786-E4D0-4B40-BD05-9C42CAC34909}.Debug|Any CPU.Build.0 = Debug|Any CPU
		{35AE6786-E4D0-4B40-BD05-9C42CAC34909}.Release|Any CPU.ActiveCfg = Release|Any CPU
		{35AE6786-E4D0-4B40-BD05-9C42CAC34909}.Release|Any CPU.Build.0 = Release|Any CPU
		{68217853-3EE7-4AC7-A732-0A41C6F3F507}.Debug|Any CPU.ActiveCfg = Debug|Any CPU
		{68217853-3EE7-4AC7-A732-0A41C6F3F507}.Debug|Any CPU.Build.0 = Debug|Any CPU
		{68217853-3EE7-4AC7-A732-0A41C6F3F507}.Release|Any CPU.ActiveCfg = Release|Any CPU
		{68217853-3EE7-4AC7-A732-0A41C6F3F507}.Release|Any CPU.Build.0 = Release|Any CPU
		{1E4A10F2-78FD-47DF-B8FF-EE9B78CFAD92}.Debug|Any CPU.ActiveCfg = Debug|Any CPU
		{1E4A10F2-78FD-47DF-B8FF-EE9B78CFAD92}.Debug|Any CPU.Build.0 = Debug|Any CPU
		{1E4A10F2-78FD-47DF-B8FF-EE9B78CFAD92}.Release|Any CPU.ActiveCfg = Release|Any CPU
		{1E4A10F2-78FD-47DF-B8FF-EE9B78CFAD92}.Release|Any CPU.Build.0 = Release|Any CPU
		{EFDFA0C0-CDC7-4FBB-A399-31D3EE2C8CA6}.Debug|Any CPU.ActiveCfg = Debug|Any CPU
		{EFDFA0C0-CDC7-4FBB-A399-31D3EE2C8CA6}.Debug|Any CPU.Build.0 = Debug|Any CPU
		{EFDFA0C0-CDC7-4FBB-A399-31D3EE2C8CA6}.Release|Any CPU.ActiveCfg = Release|Any CPU
		{EFDFA0C0-CDC7-4FBB-A399-31D3EE2C8CA6}.Release|Any CPU.Build.0 = Release|Any CPU
		{BA2D779D-FFF9-435E-BEBA-A46E50638D25}.Debug|Any CPU.ActiveCfg = Debug|Any CPU
		{BA2D779D-FFF9-435E-BEBA-A46E50638D25}.Debug|Any CPU.Build.0 = Debug|Any CPU
		{BA2D779D-FFF9-435E-BEBA-A46E50638D25}.Release|Any CPU.ActiveCfg = Release|Any CPU
		{BA2D779D-FFF9-435E-BEBA-A46E50638D25}.Release|Any CPU.Build.0 = Release|Any CPU
		{2B1CA8D5-7A4E-433C-94EA-F47E4B8787EA}.Debug|Any CPU.ActiveCfg = Debug|Any CPU
		{2B1CA8D5-7A4E-433C-94EA-F47E4B8787EA}.Debug|Any CPU.Build.0 = Debug|Any CPU
		{2B1CA8D5-7A4E-433C-94EA-F47E4B8787EA}.Release|Any CPU.ActiveCfg = Release|Any CPU
		{2B1CA8D5-7A4E-433C-94EA-F47E4B8787EA}.Release|Any CPU.Build.0 = Release|Any CPU
		{A09649B9-AC5E-4D93-AE21-F45AC48629F8}.Debug|Any CPU.ActiveCfg = Debug|Any CPU
		{A09649B9-AC5E-4D93-AE21-F45AC48629F8}.Debug|Any CPU.Build.0 = Debug|Any CPU
		{A09649B9-AC5E-4D93-AE21-F45AC48629F8}.Release|Any CPU.ActiveCfg = Release|Any CPU
		{A09649B9-AC5E-4D93-AE21-F45AC48629F8}.Release|Any CPU.Build.0 = Release|Any CPU
		{D614B45D-80C8-4604-8DFB-FB9CE26C7054}.Debug|Any CPU.ActiveCfg = Debug|Any CPU
		{D614B45D-80C8-4604-8DFB-FB9CE26C7054}.Debug|Any CPU.Build.0 = Debug|Any CPU
		{D614B45D-80C8-4604-8DFB-FB9CE26C7054}.Release|Any CPU.ActiveCfg = Release|Any CPU
		{D614B45D-80C8-4604-8DFB-FB9CE26C7054}.Release|Any CPU.Build.0 = Release|Any CPU
		{9E497533-7490-4271-AB41-952CFC0CC314}.Debug|Any CPU.ActiveCfg = Debug|Any CPU
		{9E497533-7490-4271-AB41-952CFC0CC314}.Debug|Any CPU.Build.0 = Debug|Any CPU
		{9E497533-7490-4271-AB41-952CFC0CC314}.Release|Any CPU.ActiveCfg = Release|Any CPU
		{9E497533-7490-4271-AB41-952CFC0CC314}.Release|Any CPU.Build.0 = Release|Any CPU
		{A8F9928A-21A4-476C-99B1-5B5A111FC572}.Debug|Any CPU.ActiveCfg = Debug|Any CPU
		{A8F9928A-21A4-476C-99B1-5B5A111FC572}.Debug|Any CPU.Build.0 = Debug|Any CPU
		{A8F9928A-21A4-476C-99B1-5B5A111FC572}.Release|Any CPU.ActiveCfg = Release|Any CPU
		{A8F9928A-21A4-476C-99B1-5B5A111FC572}.Release|Any CPU.Build.0 = Release|Any CPU
		{AEA73743-5527-4F7B-B93C-628D6EDE42B3}.Debug|Any CPU.ActiveCfg = Debug|Any CPU
		{AEA73743-5527-4F7B-B93C-628D6EDE42B3}.Debug|Any CPU.Build.0 = Debug|Any CPU
		{AEA73743-5527-4F7B-B93C-628D6EDE42B3}.Release|Any CPU.ActiveCfg = Release|Any CPU
		{AEA73743-5527-4F7B-B93C-628D6EDE42B3}.Release|Any CPU.Build.0 = Release|Any CPU
		{04BC6BD6-1A7E-45AC-9C42-0DBDD0CF70AC}.Debug|Any CPU.ActiveCfg = Debug|Any CPU
		{04BC6BD6-1A7E-45AC-9C42-0DBDD0CF70AC}.Debug|Any CPU.Build.0 = Debug|Any CPU
		{04BC6BD6-1A7E-45AC-9C42-0DBDD0CF70AC}.Release|Any CPU.ActiveCfg = Release|Any CPU
		{04BC6BD6-1A7E-45AC-9C42-0DBDD0CF70AC}.Release|Any CPU.Build.0 = Release|Any CPU
		{3392312E-47D4-46A0-A8B5-3B300E1B1AFA}.Debug|Any CPU.ActiveCfg = Debug|Any CPU
		{3392312E-47D4-46A0-A8B5-3B300E1B1AFA}.Debug|Any CPU.Build.0 = Debug|Any CPU
		{3392312E-47D4-46A0-A8B5-3B300E1B1AFA}.Release|Any CPU.ActiveCfg = Release|Any CPU
		{3392312E-47D4-46A0-A8B5-3B300E1B1AFA}.Release|Any CPU.Build.0 = Release|Any CPU
		{CF4F4445-2519-4A4B-BF94-464992E178CE}.Debug|Any CPU.ActiveCfg = Debug|Any CPU
		{CF4F4445-2519-4A4B-BF94-464992E178CE}.Debug|Any CPU.Build.0 = Debug|Any CPU
		{CF4F4445-2519-4A4B-BF94-464992E178CE}.Release|Any CPU.ActiveCfg = Release|Any CPU
		{CF4F4445-2519-4A4B-BF94-464992E178CE}.Release|Any CPU.Build.0 = Release|Any CPU
		{789E09DD-B55B-4072-9302-6D5883FC4765}.Debug|Any CPU.ActiveCfg = Debug|Any CPU
		{789E09DD-B55B-4072-9302-6D5883FC4765}.Debug|Any CPU.Build.0 = Debug|Any CPU
		{789E09DD-B55B-4072-9302-6D5883FC4765}.Release|Any CPU.ActiveCfg = Release|Any CPU
		{789E09DD-B55B-4072-9302-6D5883FC4765}.Release|Any CPU.Build.0 = Release|Any CPU
		{286F4610-D8B6-47FB-9F94-620976A0FE71}.Debug|Any CPU.ActiveCfg = Debug|Any CPU
		{286F4610-D8B6-47FB-9F94-620976A0FE71}.Debug|Any CPU.Build.0 = Debug|Any CPU
		{286F4610-D8B6-47FB-9F94-620976A0FE71}.Release|Any CPU.ActiveCfg = Release|Any CPU
		{286F4610-D8B6-47FB-9F94-620976A0FE71}.Release|Any CPU.Build.0 = Release|Any CPU
		{398E640A-9B5A-4C45-B8E4-BCF780B4E41A}.Debug|Any CPU.ActiveCfg = Debug|Any CPU
		{398E640A-9B5A-4C45-B8E4-BCF780B4E41A}.Debug|Any CPU.Build.0 = Debug|Any CPU
		{398E640A-9B5A-4C45-B8E4-BCF780B4E41A}.Release|Any CPU.ActiveCfg = Release|Any CPU
		{398E640A-9B5A-4C45-B8E4-BCF780B4E41A}.Release|Any CPU.Build.0 = Release|Any CPU
		{AE4A0B8D-F1B9-44DD-B2C0-70C765287603}.Debug|Any CPU.ActiveCfg = Debug|Any CPU
		{AE4A0B8D-F1B9-44DD-B2C0-70C765287603}.Debug|Any CPU.Build.0 = Debug|Any CPU
		{AE4A0B8D-F1B9-44DD-B2C0-70C765287603}.Release|Any CPU.ActiveCfg = Release|Any CPU
		{AE4A0B8D-F1B9-44DD-B2C0-70C765287603}.Release|Any CPU.Build.0 = Release|Any CPU
		{DE5B6CC4-4CEB-4F8F-9F3B-EAA503C0A4A4}.Debug|Any CPU.ActiveCfg = Debug|Any CPU
		{DE5B6CC4-4CEB-4F8F-9F3B-EAA503C0A4A4}.Debug|Any CPU.Build.0 = Debug|Any CPU
		{DE5B6CC4-4CEB-4F8F-9F3B-EAA503C0A4A4}.Release|Any CPU.ActiveCfg = Release|Any CPU
		{DE5B6CC4-4CEB-4F8F-9F3B-EAA503C0A4A4}.Release|Any CPU.Build.0 = Release|Any CPU
	EndGlobalSection
	GlobalSection(SolutionProperties) = preSolution
		HideSolutionNode = FALSE
	EndGlobalSection
	GlobalSection(NestedProjects) = preSolution
		{8B5EE0EC-0D0F-4738-80AA-6A46C0E90383} = {B3920C13-07FE-4C1F-8B33-4CFC4CC2B59E}
		{1F4C9F65-C231-4890-81F2-C6DBEF4F3A6E} = {B3920C13-07FE-4C1F-8B33-4CFC4CC2B59E}
		{03AFD058-8DFA-4EB9-84C2-C7D4F648A793} = {D95B9CF9-C0BF-40A8-92B8-DD8E279B7404}
		{0F3311BC-7ABF-41C5-B475-1C5D7401D0A4} = {1DA623FC-BEA1-4922-9FA3-6708CBA55363}
		{4D9828C7-5F88-429D-9A28-5789A208B183} = {1DA623FC-BEA1-4922-9FA3-6708CBA55363}
		{77E387E4-6B1C-481A-8560-576296CFD314} = {1DA623FC-BEA1-4922-9FA3-6708CBA55363}
		{730DCE90-3FA1-45DD-94A8-AA719D42EF09} = {1DA623FC-BEA1-4922-9FA3-6708CBA55363}
		{B3920C13-07FE-4C1F-8B33-4CFC4CC2B59E} = {1C6DCDEC-B424-415E-B7EA-67C8761D6B25}
		{1DA623FC-BEA1-4922-9FA3-6708CBA55363} = {1C6DCDEC-B424-415E-B7EA-67C8761D6B25}
		{A830E8E4-1DA7-41B3-A936-169496F89DEA} = {99872625-AE3D-4B5C-9900-DB3C0C54C18F}
		{D95B9CF9-C0BF-40A8-92B8-DD8E279B7404} = {1C6DCDEC-B424-415E-B7EA-67C8761D6B25}
		{2C4373C0-D435-4558-B038-E44111C62100} = {A830E8E4-1DA7-41B3-A936-169496F89DEA}
		{8369C9DE-B45B-461F-9C2C-46A523257A7F} = {1DA623FC-BEA1-4922-9FA3-6708CBA55363}
		{A5FB63F0-B42D-48E5-8A4F-4487D442E492} = {1C6DCDEC-B424-415E-B7EA-67C8761D6B25}
		{F285164E-FB68-491A-AE3A-82EE684F40FB} = {A5FB63F0-B42D-48E5-8A4F-4487D442E492}
		{4CC38644-2C18-4259-BF8D-517F18DC2594} = {A5FB63F0-B42D-48E5-8A4F-4487D442E492}
		{04D44C12-0ACC-41BC-B68B-2843D4232B6A} = {99872625-AE3D-4B5C-9900-DB3C0C54C18F}
		{AA8C05B1-4D9F-449F-A37C-6FFB9D93F155} = {04D44C12-0ACC-41BC-B68B-2843D4232B6A}
		{6E93196D-8AEB-4F12-BFB7-97AC62FECF3D} = {04D44C12-0ACC-41BC-B68B-2843D4232B6A}
		{AF02EB5E-E818-4D08-AD21-F6E79CD8F556} = {04D44C12-0ACC-41BC-B68B-2843D4232B6A}
		{C9E21A58-EAD9-4EAA-8267-E5A5CB058A47} = {04D44C12-0ACC-41BC-B68B-2843D4232B6A}
		{9B197BC1-1FD8-4F57-AFB4-F8B0AC8B7735} = {1C6DCDEC-B424-415E-B7EA-67C8761D6B25}
		{5C5CA069-BDE3-4CDB-8AFD-5F9EFFB27C02} = {9B197BC1-1FD8-4F57-AFB4-F8B0AC8B7735}
		{592A6524-D75B-4CBF-93A0-29EE9FD27A72} = {9B197BC1-1FD8-4F57-AFB4-F8B0AC8B7735}
		{6FF00CAF-25F2-40BD-9085-71D14A93FF14} = {99872625-AE3D-4B5C-9900-DB3C0C54C18F}
		{F93ACAB5-E6D4-41A1-A919-88D353DC613B} = {6FF00CAF-25F2-40BD-9085-71D14A93FF14}
		{D3603A7D-9A66-40CB-87AC-CC64725A592A} = {6FF00CAF-25F2-40BD-9085-71D14A93FF14}
		{35AE6786-E4D0-4B40-BD05-9C42CAC34909} = {6FF00CAF-25F2-40BD-9085-71D14A93FF14}
		{68217853-3EE7-4AC7-A732-0A41C6F3F507} = {6FF00CAF-25F2-40BD-9085-71D14A93FF14}
		{1E4A10F2-78FD-47DF-B8FF-EE9B78CFAD92} = {6FF00CAF-25F2-40BD-9085-71D14A93FF14}
		{EFDFA0C0-CDC7-4FBB-A399-31D3EE2C8CA6} = {BD087441-5FB8-485F-8C10-C44C11B179FE}
		{BA2D779D-FFF9-435E-BEBA-A46E50638D25} = {BD087441-5FB8-485F-8C10-C44C11B179FE}
		{2B1CA8D5-7A4E-433C-94EA-F47E4B8787EA} = {6FF00CAF-25F2-40BD-9085-71D14A93FF14}
		{A09649B9-AC5E-4D93-AE21-F45AC48629F8} = {BD087441-5FB8-485F-8C10-C44C11B179FE}
		{D614B45D-80C8-4604-8DFB-FB9CE26C7054} = {6FF00CAF-25F2-40BD-9085-71D14A93FF14}
		{5695BE23-5B6D-414C-B287-6F54120AE592} = {99872625-AE3D-4B5C-9900-DB3C0C54C18F}
		{9E497533-7490-4271-AB41-952CFC0CC314} = {5695BE23-5B6D-414C-B287-6F54120AE592}
		{A8F9928A-21A4-476C-99B1-5B5A111FC572} = {5695BE23-5B6D-414C-B287-6F54120AE592}
		{AEA73743-5527-4F7B-B93C-628D6EDE42B3} = {5695BE23-5B6D-414C-B287-6F54120AE592}
		{04BC6BD6-1A7E-45AC-9C42-0DBDD0CF70AC} = {5695BE23-5B6D-414C-B287-6F54120AE592}
		{3392312E-47D4-46A0-A8B5-3B300E1B1AFA} = {65176E09-47BA-453D-AA67-1A8FF4A8D034}
		{65176E09-47BA-453D-AA67-1A8FF4A8D034} = {99872625-AE3D-4B5C-9900-DB3C0C54C18F}
		{CF4F4445-2519-4A4B-BF94-464992E178CE} = {5C0E2AA0-7DF2-4F36-83CB-ACBDEA0830CA}
		{61EBC6B3-CFA6-4CFC-8165-E77751B543C6} = {99872625-AE3D-4B5C-9900-DB3C0C54C18F}
		{789E09DD-B55B-4072-9302-6D5883FC4765} = {61EBC6B3-CFA6-4CFC-8165-E77751B543C6}
		{267905AE-4EAE-47EA-B663-7178F6D6B3B2} = {99872625-AE3D-4B5C-9900-DB3C0C54C18F}
		{286F4610-D8B6-47FB-9F94-620976A0FE71} = {30E934F3-444E-4EE0-8D2C-ACF28FEF6E00}
		{DBD5D169-ACAD-4EF5-B29A-868E8CEB38AC} = {267905AE-4EAE-47EA-B663-7178F6D6B3B2}
		{30E934F3-444E-4EE0-8D2C-ACF28FEF6E00} = {267905AE-4EAE-47EA-B663-7178F6D6B3B2}
		{398E640A-9B5A-4C45-B8E4-BCF780B4E41A} = {DBD5D169-ACAD-4EF5-B29A-868E8CEB38AC}
		{1C6DCDEC-B424-415E-B7EA-67C8761D6B25} = {99872625-AE3D-4B5C-9900-DB3C0C54C18F}
		{7734B940-2BF2-4CCF-B513-33D3FC117B02} = {99872625-AE3D-4B5C-9900-DB3C0C54C18F}
		{012BE6D1-65F8-4BA8-AB8A-BD82B0D4BEBE} = {7734B940-2BF2-4CCF-B513-33D3FC117B02}
		{AE4A0B8D-F1B9-44DD-B2C0-70C765287603} = {012BE6D1-65F8-4BA8-AB8A-BD82B0D4BEBE}
		{63BEDEEC-8F4A-42FB-B341-7A9DE4D645D1} = {99872625-AE3D-4B5C-9900-DB3C0C54C18F}
		{DE5B6CC4-4CEB-4F8F-9F3B-EAA503C0A4A4} = {63BEDEEC-8F4A-42FB-B341-7A9DE4D645D1}
		{5C0E2AA0-7DF2-4F36-83CB-ACBDEA0830CA} = {99872625-AE3D-4B5C-9900-DB3C0C54C18F}
		{BD087441-5FB8-485F-8C10-C44C11B179FE} = {6FF00CAF-25F2-40BD-9085-71D14A93FF14}
	EndGlobalSection
	GlobalSection(ExtensibilityGlobals) = postSolution
		SolutionGuid = {CDD8FF4A-4F4B-4403-B831-56920C555A67}
	EndGlobalSection
EndGlobal
