
Microsoft Visual Studio Solution File, Format Version 12.00
# Visual Studio Version 16
VisualStudioVersion = 16.0.29215.179
MinimumVisualStudioVersion = 10.0.40219.1
Project("{FAE04EC0-301F-11D3-BF4B-00C04F79EFBC}") = "WuerthIndustryMobileServices.Android", "WISAppNeu\WISAppNeu.Android\WuerthIndustryMobileServices.Android.csproj", "{7034214B-8591-4D18-ACC5-3B5450729EED}"
EndProject
Project("{FAE04EC0-301F-11D3-BF4B-00C04F79EFBC}") = "WuerthIndustryMobileServices.iOS", "WISAppNeu\WISAppNeu.iOS\WuerthIndustryMobileServices.iOS.csproj", "{665996A0-B27B-4544-A163-D4984A4F7A9C}"
EndProject
Project("{9A19103F-16F7-4668-BE54-9A1E7A4F7556}") = "WuerthIndustryMobileServices", "WISAppNeu\WISAppNeu\WuerthIndustryMobileServices.csproj", "{F91503AF-5FE1-4AAA-A108-7A3E5315E81B}"
EndProject
Global
	GlobalSection(SolutionConfigurationPlatforms) = preSolution
		Debug|Any CPU = Debug|Any CPU
		Debug|iPhone = Debug|iPhone
		Debug|iPhoneSimulator = Debug|iPhoneSimulator
		Release|Any CPU = Release|Any CPU
		Release|iPhone = Release|iPhone
		Release|iPhoneSimulator = Release|iPhoneSimulator
	EndGlobalSection
	GlobalSection(ProjectConfigurationPlatforms) = postSolution
		{7034214B-8591-4D18-ACC5-3B5450729EED}.Debug|Any CPU.ActiveCfg = Debug|Any CPU
		{7034214B-8591-4D18-ACC5-3B5450729EED}.Debug|Any CPU.Build.0 = Debug|Any CPU
		{7034214B-8591-4D18-ACC5-3B5450729EED}.Debug|Any CPU.Deploy.0 = Debug|Any CPU
		{7034214B-8591-4D18-ACC5-3B5450729EED}.Debug|iPhone.ActiveCfg = Debug|Any CPU
		{7034214B-8591-4D18-ACC5-3B5450729EED}.Debug|iPhone.Build.0 = Debug|Any CPU
		{7034214B-8591-4D18-ACC5-3B5450729EED}.Debug|iPhone.Deploy.0 = Debug|Any CPU
		{7034214B-8591-4D18-ACC5-3B5450729EED}.Debug|iPhoneSimulator.ActiveCfg = Debug|Any CPU
		{7034214B-8591-4D18-ACC5-3B5450729EED}.Debug|iPhoneSimulator.Build.0 = Debug|Any CPU
		{7034214B-8591-4D18-ACC5-3B5450729EED}.Debug|iPhoneSimulator.Deploy.0 = Debug|Any CPU
		{7034214B-8591-4D18-ACC5-3B5450729EED}.Release|Any CPU.ActiveCfg = Release|Any CPU
		{7034214B-8591-4D18-ACC5-3B5450729EED}.Release|Any CPU.Build.0 = Release|Any CPU
		{7034214B-8591-4D18-ACC5-3B5450729EED}.Release|Any CPU.Deploy.0 = Release|Any CPU
		{7034214B-8591-4D18-ACC5-3B5450729EED}.Release|iPhone.ActiveCfg = Release|Any CPU
		{7034214B-8591-4D18-ACC5-3B5450729EED}.Release|iPhone.Build.0 = Release|Any CPU
		{7034214B-8591-4D18-ACC5-3B5450729EED}.Release|iPhone.Deploy.0 = Release|Any CPU
		{7034214B-8591-4D18-ACC5-3B5450729EED}.Release|iPhoneSimulator.ActiveCfg = Release|Any CPU
		{7034214B-8591-4D18-ACC5-3B5450729EED}.Release|iPhoneSimulator.Build.0 = Release|Any CPU
		{7034214B-8591-4D18-ACC5-3B5450729EED}.Release|iPhoneSimulator.Deploy.0 = Release|Any CPU
		{665996A0-B27B-4544-A163-D4984A4F7A9C}.Debug|Any CPU.ActiveCfg = Debug|iPhoneSimulator
		{665996A0-B27B-4544-A163-D4984A4F7A9C}.Debug|Any CPU.Build.0 = Debug|iPhoneSimulator
		{665996A0-B27B-4544-A163-D4984A4F7A9C}.Debug|Any CPU.Deploy.0 = Debug|iPhoneSimulator
		{665996A0-B27B-4544-A163-D4984A4F7A9C}.Debug|iPhone.ActiveCfg = Debug|iPhone
		{665996A0-B27B-4544-A163-D4984A4F7A9C}.Debug|iPhone.Build.0 = Debug|iPhone
		{665996A0-B27B-4544-A163-D4984A4F7A9C}.Debug|iPhone.Deploy.0 = Debug|iPhone
		{665996A0-B27B-4544-A163-D4984A4F7A9C}.Debug|iPhoneSimulator.ActiveCfg = Debug|iPhoneSimulator
		{665996A0-B27B-4544-A163-D4984A4F7A9C}.Debug|iPhoneSimulator.Build.0 = Debug|iPhoneSimulator
		{665996A0-B27B-4544-A163-D4984A4F7A9C}.Debug|iPhoneSimulator.Deploy.0 = Debug|iPhoneSimulator
		{665996A0-B27B-4544-A163-D4984A4F7A9C}.Release|Any CPU.ActiveCfg = Release|iPhone
		{665996A0-B27B-4544-A163-D4984A4F7A9C}.Release|Any CPU.Build.0 = Release|iPhone
		{665996A0-B27B-4544-A163-D4984A4F7A9C}.Release|Any CPU.Deploy.0 = Release|iPhone
		{665996A0-B27B-4544-A163-D4984A4F7A9C}.Release|iPhone.ActiveCfg = Release|iPhone
		{665996A0-B27B-4544-A163-D4984A4F7A9C}.Release|iPhone.Build.0 = Release|iPhone
		{665996A0-B27B-4544-A163-D4984A4F7A9C}.Release|iPhone.Deploy.0 = Release|iPhone
		{665996A0-B27B-4544-A163-D4984A4F7A9C}.Release|iPhoneSimulator.ActiveCfg = Release|iPhoneSimulator
		{665996A0-B27B-4544-A163-D4984A4F7A9C}.Release|iPhoneSimulator.Build.0 = Release|iPhoneSimulator
		{665996A0-B27B-4544-A163-D4984A4F7A9C}.Release|iPhoneSimulator.Deploy.0 = Release|iPhoneSimulator
		{F91503AF-5FE1-4AAA-A108-7A3E5315E81B}.Debug|Any CPU.ActiveCfg = Debug|Any CPU
		{F91503AF-5FE1-4AAA-A108-7A3E5315E81B}.Debug|Any CPU.Build.0 = Debug|Any CPU
		{F91503AF-5FE1-4AAA-A108-7A3E5315E81B}.Debug|Any CPU.Deploy.0 = Debug|Any CPU
		{F91503AF-5FE1-4AAA-A108-7A3E5315E81B}.Debug|iPhone.ActiveCfg = Debug|Any CPU
		{F91503AF-5FE1-4AAA-A108-7A3E5315E81B}.Debug|iPhone.Build.0 = Debug|Any CPU
		{F91503AF-5FE1-4AAA-A108-7A3E5315E81B}.Debug|iPhone.Deploy.0 = Debug|Any CPU
		{F91503AF-5FE1-4AAA-A108-7A3E5315E81B}.Debug|iPhoneSimulator.ActiveCfg = Debug|Any CPU
		{F91503AF-5FE1-4AAA-A108-7A3E5315E81B}.Debug|iPhoneSimulator.Build.0 = Debug|Any CPU
		{F91503AF-5FE1-4AAA-A108-7A3E5315E81B}.Debug|iPhoneSimulator.Deploy.0 = Debug|Any CPU
		{F91503AF-5FE1-4AAA-A108-7A3E5315E81B}.Release|Any CPU.ActiveCfg = Release|Any CPU
		{F91503AF-5FE1-4AAA-A108-7A3E5315E81B}.Release|Any CPU.Build.0 = Release|Any CPU
		{F91503AF-5FE1-4AAA-A108-7A3E5315E81B}.Release|Any CPU.Deploy.0 = Release|Any CPU
		{F91503AF-5FE1-4AAA-A108-7A3E5315E81B}.Release|iPhone.ActiveCfg = Release|Any CPU
		{F91503AF-5FE1-4AAA-A108-7A3E5315E81B}.Release|iPhone.Build.0 = Release|Any CPU
		{F91503AF-5FE1-4AAA-A108-7A3E5315E81B}.Release|iPhone.Deploy.0 = Release|Any CPU
		{F91503AF-5FE1-4AAA-A108-7A3E5315E81B}.Release|iPhoneSimulator.ActiveCfg = Release|Any CPU
		{F91503AF-5FE1-4AAA-A108-7A3E5315E81B}.Release|iPhoneSimulator.Build.0 = Release|Any CPU
		{F91503AF-5FE1-4AAA-A108-7A3E5315E81B}.Release|iPhoneSimulator.Deploy.0 = Release|Any CPU
	EndGlobalSection
	GlobalSection(SolutionProperties) = preSolution
		HideSolutionNode = FALSE
	EndGlobalSection
	GlobalSection(ExtensibilityGlobals) = postSolution
		SolutionGuid = {7F04751A-1336-4B90-89E1-017D1F5EB6B1}
	EndGlobalSection
EndGlobal
