
Microsoft Visual Studio Solution File, Format Version 12.00
# Visual Studio Version 16
VisualStudioVersion = 16.0.29102.190
MinimumVisualStudioVersion = 10.0.40219.1
Project("{FAE04EC0-301F-11D3-BF4B-00C04F79EFBC}") = "Learning Project", "Learning Project.csproj", "{53B12BB0-4E79-4988-94F8-0C873F156D83}"
EndProject
Global
	GlobalSection(SolutionConfigurationPlatforms) = preSolution
		Debug|Any CPU = Debug|Any CPU
		Release|Any CPU = Release|Any CPU
	EndGlobalSection
	GlobalSection(ProjectConfigurationPlatforms) = postSolution
		{53B12BB0-4E79-4988-94F8-0C873F156D83}.Debug|Any CPU.ActiveCfg = Debug|Any CPU
		{53B12BB0-4E79-4988-94F8-0C873F156D83}.Debug|Any CPU.Build.0 = Debug|Any CPU
		{53B12BB0-4E79-4988-94F8-0C873F156D83}.Release|Any CPU.ActiveCfg = Release|Any CPU
		{53B12BB0-4E79-4988-94F8-0C873F156D83}.Release|Any CPU.Build.0 = Release|Any CPU
	EndGlobalSection
	GlobalSection(SolutionProperties) = preSolution
		HideSolutionNode = FALSE
	EndGlobalSection
	GlobalSection(ExtensibilityGlobals) = postSolution
		SolutionGuid = {131C52B0-AA9E-4B4D-9417-BBCB060FC19B}
	EndGlobalSection
EndGlobal
