
Microsoft Visual Studio Solution File, Format Version 12.00
# Visual Studio Version 16
VisualStudioVersion = 16.0.29806.167
MinimumVisualStudioVersion = 10.0.40219.1
Project("{9A19103F-16F7-4668-BE54-9A1E7A4F7556}") = "TestKonsole", "TestKonsole\TestKonsole.csproj", "{0095D741-3845-4618-ACC6-C78226C79B50}"
EndProject
Project("{00D1A9C2-B5F0-4AF3-8072-F6C62B433612}") = "DatenbankprojektDAT", "DatenbankprojektDAT\DatenbankprojektDAT.sqlproj", "{1CA77C9A-07F2-46D1-965E-3E34DA514A24}"
EndProject
Project("{FAE04EC0-301F-11D3-BF4B-00C04F79EFBC}") = "ExpenseIt", "ExpenseIt\ExpenseIt.csproj", "{25A07D0C-3FDF-46FF-8039-3B9FA6D476EB}"
EndProject
Project("{9A19103F-16F7-4668-BE54-9A1E7A4F7556}") = "Lambdas", "Lambdas\Lambdas.csproj", "{F2FCA316-A42B-484B-A7EA-4753D481EAD5}"
EndProject
Project("{9A19103F-16F7-4668-BE54-9A1E7A4F7556}") = "Supermarket.API", "SupermarketAPI\Supermarket.API.csproj", "{2949392E-9918-4F8D-AAFA-30BF02B92747}"
EndProject
Project("{9A19103F-16F7-4668-BE54-9A1E7A4F7556}") = "TodoAPI", "TodoAPI\TodoAPI.csproj", "{C1BE9BB0-4488-4AC5-8D97-60EBBA647A82}"
EndProject
Project("{9A19103F-16F7-4668-BE54-9A1E7A4F7556}") = "WebAPITest", "WebAPITest\WebAPITest.csproj", "{97A41685-8165-455D-BAA6-3A779F5704F4}"
EndProject
Project("{9A19103F-16F7-4668-BE54-9A1E7A4F7556}") = "WebAppTest", "WebAppTest\WebAppTest.csproj", "{652B6FF8-EADB-4F6E-9671-43C45DBE094B}"
EndProject
Project("{FAE04EC0-301F-11D3-BF4B-00C04F79EFBC}") = "MultiThreading", "MultiThreading\MultiThreading.csproj", "{932C670E-E815-4750-94DD-D45F9AFBCF16}"
EndProject
Global
	GlobalSection(SolutionConfigurationPlatforms) = preSolution
		Debug|Any CPU = Debug|Any CPU
		Release|Any CPU = Release|Any CPU
	EndGlobalSection
	GlobalSection(ProjectConfigurationPlatforms) = postSolution
		{0095D741-3845-4618-ACC6-C78226C79B50}.Debug|Any CPU.ActiveCfg = Debug|Any CPU
		{0095D741-3845-4618-ACC6-C78226C79B50}.Debug|Any CPU.Build.0 = Debug|Any CPU
		{0095D741-3845-4618-ACC6-C78226C79B50}.Release|Any CPU.ActiveCfg = Release|Any CPU
		{0095D741-3845-4618-ACC6-C78226C79B50}.Release|Any CPU.Build.0 = Release|Any CPU
		{1CA77C9A-07F2-46D1-965E-3E34DA514A24}.Debug|Any CPU.ActiveCfg = Debug|Any CPU
		{1CA77C9A-07F2-46D1-965E-3E34DA514A24}.Debug|Any CPU.Build.0 = Debug|Any CPU
		{1CA77C9A-07F2-46D1-965E-3E34DA514A24}.Debug|Any CPU.Deploy.0 = Debug|Any CPU
		{1CA77C9A-07F2-46D1-965E-3E34DA514A24}.Release|Any CPU.ActiveCfg = Release|Any CPU
		{1CA77C9A-07F2-46D1-965E-3E34DA514A24}.Release|Any CPU.Build.0 = Release|Any CPU
		{1CA77C9A-07F2-46D1-965E-3E34DA514A24}.Release|Any CPU.Deploy.0 = Release|Any CPU
		{25A07D0C-3FDF-46FF-8039-3B9FA6D476EB}.Debug|Any CPU.ActiveCfg = Debug|Any CPU
		{25A07D0C-3FDF-46FF-8039-3B9FA6D476EB}.Debug|Any CPU.Build.0 = Debug|Any CPU
		{25A07D0C-3FDF-46FF-8039-3B9FA6D476EB}.Release|Any CPU.ActiveCfg = Release|Any CPU
		{25A07D0C-3FDF-46FF-8039-3B9FA6D476EB}.Release|Any CPU.Build.0 = Release|Any CPU
		{F2FCA316-A42B-484B-A7EA-4753D481EAD5}.Debug|Any CPU.ActiveCfg = Debug|Any CPU
		{F2FCA316-A42B-484B-A7EA-4753D481EAD5}.Debug|Any CPU.Build.0 = Debug|Any CPU
		{F2FCA316-A42B-484B-A7EA-4753D481EAD5}.Release|Any CPU.ActiveCfg = Release|Any CPU
		{F2FCA316-A42B-484B-A7EA-4753D481EAD5}.Release|Any CPU.Build.0 = Release|Any CPU
		{2949392E-9918-4F8D-AAFA-30BF02B92747}.Debug|Any CPU.ActiveCfg = Debug|Any CPU
		{2949392E-9918-4F8D-AAFA-30BF02B92747}.Debug|Any CPU.Build.0 = Debug|Any CPU
		{2949392E-9918-4F8D-AAFA-30BF02B92747}.Release|Any CPU.ActiveCfg = Release|Any CPU
		{2949392E-9918-4F8D-AAFA-30BF02B92747}.Release|Any CPU.Build.0 = Release|Any CPU
		{C1BE9BB0-4488-4AC5-8D97-60EBBA647A82}.Debug|Any CPU.ActiveCfg = Debug|Any CPU
		{C1BE9BB0-4488-4AC5-8D97-60EBBA647A82}.Debug|Any CPU.Build.0 = Debug|Any CPU
		{C1BE9BB0-4488-4AC5-8D97-60EBBA647A82}.Release|Any CPU.ActiveCfg = Release|Any CPU
		{C1BE9BB0-4488-4AC5-8D97-60EBBA647A82}.Release|Any CPU.Build.0 = Release|Any CPU
		{97A41685-8165-455D-BAA6-3A779F5704F4}.Debug|Any CPU.ActiveCfg = Debug|Any CPU
		{97A41685-8165-455D-BAA6-3A779F5704F4}.Debug|Any CPU.Build.0 = Debug|Any CPU
		{97A41685-8165-455D-BAA6-3A779F5704F4}.Release|Any CPU.ActiveCfg = Release|Any CPU
		{97A41685-8165-455D-BAA6-3A779F5704F4}.Release|Any CPU.Build.0 = Release|Any CPU
		{652B6FF8-EADB-4F6E-9671-43C45DBE094B}.Debug|Any CPU.ActiveCfg = Debug|Any CPU
		{652B6FF8-EADB-4F6E-9671-43C45DBE094B}.Debug|Any CPU.Build.0 = Debug|Any CPU
		{652B6FF8-EADB-4F6E-9671-43C45DBE094B}.Release|Any CPU.ActiveCfg = Release|Any CPU
		{652B6FF8-EADB-4F6E-9671-43C45DBE094B}.Release|Any CPU.Build.0 = Release|Any CPU
		{932C670E-E815-4750-94DD-D45F9AFBCF16}.Debug|Any CPU.ActiveCfg = Debug|Any CPU
		{932C670E-E815-4750-94DD-D45F9AFBCF16}.Debug|Any CPU.Build.0 = Debug|Any CPU
		{932C670E-E815-4750-94DD-D45F9AFBCF16}.Release|Any CPU.ActiveCfg = Release|Any CPU
		{932C670E-E815-4750-94DD-D45F9AFBCF16}.Release|Any CPU.Build.0 = Release|Any CPU
	EndGlobalSection
	GlobalSection(SolutionProperties) = preSolution
		HideSolutionNode = FALSE
	EndGlobalSection
	GlobalSection(ExtensibilityGlobals) = postSolution
		SolutionGuid = {C327A030-A21C-46E4-AC1A-DAF45B5C8516}
	EndGlobalSection
EndGlobal
