
Microsoft Visual Studio Solution File, Format Version 12.00
# Visual Studio Version 16
VisualStudioVersion = 16.0.29215.179
MinimumVisualStudioVersion = 10.0.40219.1
Project("{FAE04EC0-301F-11D3-BF4B-00C04F79EFBC}") = "WuerthIndustryMobileServices.Android", "WuerthIndustryMobileServices\WuerthIndustryMobileServices.Android\WuerthIndustryMobileServices.Android.csproj", "{45E31D9E-C19F-4995-AB5B-71FAEB145616}"
EndProject
Project("{FAE04EC0-301F-11D3-BF4B-00C04F79EFBC}") = "WuerthIndustryMobileServices.iOS", "WuerthIndustryMobileServices\WuerthIndustryMobileServices.iOS\WuerthIndustryMobileServices.iOS.csproj", "{AEA45B84-CAFF-4A9A-BB79-FA6AC6068EF7}"
EndProject
Project("{FAE04EC0-301F-11D3-BF4B-00C04F79EFBC}") = "WuerthIndustryMobileServices", "WuerthIndustryMobileServices\WuerthIndustryMobileServices\WuerthIndustryMobileServices.csproj", "{83BB2A32-1DFB-4E77-868D-D70E479517AE}"
EndProject
Global
	GlobalSection(SolutionConfigurationPlatforms) = preSolution
		Debug|Any CPU = Debug|Any CPU
		Debug|iPhone = Debug|iPhone
		Debug|iPhoneSimulator = Debug|iPhoneSimulator
		Release|Any CPU = Release|Any CPU
		Release|iPhone = Release|iPhone
		Release|iPhoneSimulator = Release|iPhoneSimulator
	EndGlobalSection
	GlobalSection(ProjectConfigurationPlatforms) = postSolution
		{45E31D9E-C19F-4995-AB5B-71FAEB145616}.Debug|Any CPU.ActiveCfg = Debug|Any CPU
		{45E31D9E-C19F-4995-AB5B-71FAEB145616}.Debug|Any CPU.Build.0 = Debug|Any CPU
		{45E31D9E-C19F-4995-AB5B-71FAEB145616}.Debug|Any CPU.Deploy.0 = Debug|Any CPU
		{45E31D9E-C19F-4995-AB5B-71FAEB145616}.Debug|iPhone.ActiveCfg = Debug|Any CPU
		{45E31D9E-C19F-4995-AB5B-71FAEB145616}.Debug|iPhone.Build.0 = Debug|Any CPU
		{45E31D9E-C19F-4995-AB5B-71FAEB145616}.Debug|iPhone.Deploy.0 = Debug|Any CPU
		{45E31D9E-C19F-4995-AB5B-71FAEB145616}.Debug|iPhoneSimulator.ActiveCfg = Debug|Any CPU
		{45E31D9E-C19F-4995-AB5B-71FAEB145616}.Debug|iPhoneSimulator.Build.0 = Debug|Any CPU
		{45E31D9E-C19F-4995-AB5B-71FAEB145616}.Debug|iPhoneSimulator.Deploy.0 = Debug|Any CPU
		{45E31D9E-C19F-4995-AB5B-71FAEB145616}.Release|Any CPU.ActiveCfg = Release|Any CPU
		{45E31D9E-C19F-4995-AB5B-71FAEB145616}.Release|Any CPU.Build.0 = Release|Any CPU
		{45E31D9E-C19F-4995-AB5B-71FAEB145616}.Release|Any CPU.Deploy.0 = Release|Any CPU
		{45E31D9E-C19F-4995-AB5B-71FAEB145616}.Release|iPhone.ActiveCfg = Release|Any CPU
		{45E31D9E-C19F-4995-AB5B-71FAEB145616}.Release|iPhone.Build.0 = Release|Any CPU
		{45E31D9E-C19F-4995-AB5B-71FAEB145616}.Release|iPhone.Deploy.0 = Release|Any CPU
		{45E31D9E-C19F-4995-AB5B-71FAEB145616}.Release|iPhoneSimulator.ActiveCfg = Release|Any CPU
		{45E31D9E-C19F-4995-AB5B-71FAEB145616}.Release|iPhoneSimulator.Build.0 = Release|Any CPU
		{45E31D9E-C19F-4995-AB5B-71FAEB145616}.Release|iPhoneSimulator.Deploy.0 = Release|Any CPU
		{AEA45B84-CAFF-4A9A-BB79-FA6AC6068EF7}.Debug|Any CPU.ActiveCfg = Debug|iPhoneSimulator
		{AEA45B84-CAFF-4A9A-BB79-FA6AC6068EF7}.Debug|Any CPU.Build.0 = Debug|iPhoneSimulator
		{AEA45B84-CAFF-4A9A-BB79-FA6AC6068EF7}.Debug|Any CPU.Deploy.0 = Debug|iPhoneSimulator
		{AEA45B84-CAFF-4A9A-BB79-FA6AC6068EF7}.Debug|iPhone.ActiveCfg = Debug|iPhone
		{AEA45B84-CAFF-4A9A-BB79-FA6AC6068EF7}.Debug|iPhone.Build.0 = Debug|iPhone
		{AEA45B84-CAFF-4A9A-BB79-FA6AC6068EF7}.Debug|iPhone.Deploy.0 = Debug|iPhone
		{AEA45B84-CAFF-4A9A-BB79-FA6AC6068EF7}.Debug|iPhoneSimulator.ActiveCfg = Debug|iPhoneSimulator
		{AEA45B84-CAFF-4A9A-BB79-FA6AC6068EF7}.Debug|iPhoneSimulator.Build.0 = Debug|iPhoneSimulator
		{AEA45B84-CAFF-4A9A-BB79-FA6AC6068EF7}.Debug|iPhoneSimulator.Deploy.0 = Debug|iPhoneSimulator
		{AEA45B84-CAFF-4A9A-BB79-FA6AC6068EF7}.Release|Any CPU.ActiveCfg = Release|iPhone
		{AEA45B84-CAFF-4A9A-BB79-FA6AC6068EF7}.Release|Any CPU.Build.0 = Release|iPhone
		{AEA45B84-CAFF-4A9A-BB79-FA6AC6068EF7}.Release|Any CPU.Deploy.0 = Release|iPhone
		{AEA45B84-CAFF-4A9A-BB79-FA6AC6068EF7}.Release|iPhone.ActiveCfg = Release|iPhone
		{AEA45B84-CAFF-4A9A-BB79-FA6AC6068EF7}.Release|iPhone.Build.0 = Release|iPhone
		{AEA45B84-CAFF-4A9A-BB79-FA6AC6068EF7}.Release|iPhone.Deploy.0 = Release|iPhone
		{AEA45B84-CAFF-4A9A-BB79-FA6AC6068EF7}.Release|iPhoneSimulator.ActiveCfg = Release|iPhoneSimulator
		{AEA45B84-CAFF-4A9A-BB79-FA6AC6068EF7}.Release|iPhoneSimulator.Build.0 = Release|iPhoneSimulator
		{AEA45B84-CAFF-4A9A-BB79-FA6AC6068EF7}.Release|iPhoneSimulator.Deploy.0 = Release|iPhoneSimulator
		{83BB2A32-1DFB-4E77-868D-D70E479517AE}.Debug|Any CPU.ActiveCfg = Debug|Any CPU
		{83BB2A32-1DFB-4E77-868D-D70E479517AE}.Debug|Any CPU.Build.0 = Debug|Any CPU
		{83BB2A32-1DFB-4E77-868D-D70E479517AE}.Debug|Any CPU.Deploy.0 = Debug|Any CPU
		{83BB2A32-1DFB-4E77-868D-D70E479517AE}.Debug|iPhone.ActiveCfg = Debug|Any CPU
		{83BB2A32-1DFB-4E77-868D-D70E479517AE}.Debug|iPhone.Build.0 = Debug|Any CPU
		{83BB2A32-1DFB-4E77-868D-D70E479517AE}.Debug|iPhone.Deploy.0 = Debug|Any CPU
		{83BB2A32-1DFB-4E77-868D-D70E479517AE}.Debug|iPhoneSimulator.ActiveCfg = Debug|Any CPU
		{83BB2A32-1DFB-4E77-868D-D70E479517AE}.Debug|iPhoneSimulator.Build.0 = Debug|Any CPU
		{83BB2A32-1DFB-4E77-868D-D70E479517AE}.Debug|iPhoneSimulator.Deploy.0 = Debug|Any CPU
		{83BB2A32-1DFB-4E77-868D-D70E479517AE}.Release|Any CPU.ActiveCfg = Release|Any CPU
		{83BB2A32-1DFB-4E77-868D-D70E479517AE}.Release|Any CPU.Build.0 = Release|Any CPU
		{83BB2A32-1DFB-4E77-868D-D70E479517AE}.Release|Any CPU.Deploy.0 = Release|Any CPU
		{83BB2A32-1DFB-4E77-868D-D70E479517AE}.Release|iPhone.ActiveCfg = Release|Any CPU
		{83BB2A32-1DFB-4E77-868D-D70E479517AE}.Release|iPhone.Build.0 = Release|Any CPU
		{83BB2A32-1DFB-4E77-868D-D70E479517AE}.Release|iPhone.Deploy.0 = Release|Any CPU
		{83BB2A32-1DFB-4E77-868D-D70E479517AE}.Release|iPhoneSimulator.ActiveCfg = Release|Any CPU
		{83BB2A32-1DFB-4E77-868D-D70E479517AE}.Release|iPhoneSimulator.Build.0 = Release|Any CPU
		{83BB2A32-1DFB-4E77-868D-D70E479517AE}.Release|iPhoneSimulator.Deploy.0 = Release|Any CPU
	EndGlobalSection
	GlobalSection(SolutionProperties) = preSolution
		HideSolutionNode = FALSE
	EndGlobalSection
	GlobalSection(ExtensibilityGlobals) = postSolution
		SolutionGuid = {5487D327-4CC5-4585-AD41-DB14AE4E26D4}
	EndGlobalSection
EndGlobal
