
Microsoft Visual Studio Solution File, Format Version 12.00
# Visual Studio 15
VisualStudioVersion = 15.0.28307.329
MinimumVisualStudioVersion = 10.0.40219.1
Project("{FAE04EC0-301F-11D3-BF4B-00C04F79EFBC}") = "SOAPTest", "SOAPTest\SOAPTest.csproj", "{DC606EA0-D1E3-4D75-89CB-4A72EB8E690B}"
EndProject
Project("{FAE04EC0-301F-11D3-BF4B-00C04F79EFBC}") = "SOAPTest1", "SOAPTest1\SOAPTest1.csproj", "{8946F862-CBA1-4293-BEEC-0DBA19223A16}"
EndProject
Project("{FAE04EC0-301F-11D3-BF4B-00C04F79EFBC}") = "SOAPTest3", "SOAPTest3\SOAPTest3.csproj", "{484ECAFC-A695-4BC0-AA2F-4D2CDACE053E}"
EndProject
Project("{FAE04EC0-301F-11D3-BF4B-00C04F79EFBC}") = "SOAPTest4", "SOAPTest4\SOAPTest4.csproj", "{807211B2-E603-4CCF-9A2B-1BE2FBF31905}"
EndProject
Global
	GlobalSection(SolutionConfigurationPlatforms) = preSolution
		Debug|Any CPU = Debug|Any CPU
		Release|Any CPU = Release|Any CPU
	EndGlobalSection
	GlobalSection(ProjectConfigurationPlatforms) = postSolution
		{DC606EA0-D1E3-4D75-89CB-4A72EB8E690B}.Debug|Any CPU.ActiveCfg = Debug|Any CPU
		{DC606EA0-D1E3-4D75-89CB-4A72EB8E690B}.Debug|Any CPU.Build.0 = Debug|Any CPU
		{DC606EA0-D1E3-4D75-89CB-4A72EB8E690B}.Release|Any CPU.ActiveCfg = Release|Any CPU
		{DC606EA0-D1E3-4D75-89CB-4A72EB8E690B}.Release|Any CPU.Build.0 = Release|Any CPU
		{8946F862-CBA1-4293-BEEC-0DBA19223A16}.Debug|Any CPU.ActiveCfg = Debug|Any CPU
		{8946F862-CBA1-4293-BEEC-0DBA19223A16}.Debug|Any CPU.Build.0 = Debug|Any CPU
		{8946F862-CBA1-4293-BEEC-0DBA19223A16}.Release|Any CPU.ActiveCfg = Release|Any CPU
		{8946F862-CBA1-4293-BEEC-0DBA19223A16}.Release|Any CPU.Build.0 = Release|Any CPU
		{484ECAFC-A695-4BC0-AA2F-4D2CDACE053E}.Debug|Any CPU.ActiveCfg = Debug|Any CPU
		{484ECAFC-A695-4BC0-AA2F-4D2CDACE053E}.Debug|Any CPU.Build.0 = Debug|Any CPU
		{484ECAFC-A695-4BC0-AA2F-4D2CDACE053E}.Release|Any CPU.ActiveCfg = Release|Any CPU
		{484ECAFC-A695-4BC0-AA2F-4D2CDACE053E}.Release|Any CPU.Build.0 = Release|Any CPU
		{807211B2-E603-4CCF-9A2B-1BE2FBF31905}.Debug|Any CPU.ActiveCfg = Debug|Any CPU
		{807211B2-E603-4CCF-9A2B-1BE2FBF31905}.Debug|Any CPU.Build.0 = Debug|Any CPU
		{807211B2-E603-4CCF-9A2B-1BE2FBF31905}.Release|Any CPU.ActiveCfg = Release|Any CPU
		{807211B2-E603-4CCF-9A2B-1BE2FBF31905}.Release|Any CPU.Build.0 = Release|Any CPU
	EndGlobalSection
	GlobalSection(SolutionProperties) = preSolution
		HideSolutionNode = FALSE
	EndGlobalSection
	GlobalSection(ExtensibilityGlobals) = postSolution
		SolutionGuid = {6120A783-2972-42A2-94AE-D608D18B8ED1}
	EndGlobalSection
EndGlobal
