
Microsoft Visual Studio Solution File, Format Version 12.00
# Visual Studio Version 16
VisualStudioVersion = 16.0.29009.5
MinimumVisualStudioVersion = 10.0.40219.1
Project("{FAE04EC0-301F-11D3-BF4B-00C04F79EFBC}") = "BilderAbrufen", "BilderAbrufen\BilderAbrufen.csproj", "{52116211-C114-411E-9F04-C9B45E8E02C0}"
EndProject
Global
	GlobalSection(SolutionConfigurationPlatforms) = preSolution
		Debug|Any CPU = Debug|Any CPU
		Release|Any CPU = Release|Any CPU
	EndGlobalSection
	GlobalSection(ProjectConfigurationPlatforms) = postSolution
		{52116211-C114-411E-9F04-C9B45E8E02C0}.Debug|Any CPU.ActiveCfg = Debug|Any CPU
		{52116211-C114-411E-9F04-C9B45E8E02C0}.Debug|Any CPU.Build.0 = Debug|Any CPU
		{52116211-C114-411E-9F04-C9B45E8E02C0}.Release|Any CPU.ActiveCfg = Release|Any CPU
		{52116211-C114-411E-9F04-C9B45E8E02C0}.Release|Any CPU.Build.0 = Release|Any CPU
	EndGlobalSection
	GlobalSection(SolutionProperties) = preSolution
		HideSolutionNode = FALSE
	EndGlobalSection
	GlobalSection(ExtensibilityGlobals) = postSolution
		SolutionGuid = {7C0C53EA-465C-4187-B042-A41D75BA5141}
	EndGlobalSection
EndGlobal
